
Microsoft Visual Studio Solution File, Format Version 12.00
# Visual Studio Version 17
VisualStudioVersion = 17.6.33606.364
MinimumVisualStudioVersion = 10.0.40219.1
Project("{FAE04EC0-301F-11D3-BF4B-00C04F79EFBC}") = "MongoDB.EntityFrameworkCore", "src\MongoDB.EntityFrameworkCore\MongoDB.EntityFrameworkCore.csproj", "{F50A0110-A930-4876-BBD4-78B039C12D9E}"
EndProject
Project("{FAE04EC0-301F-11D3-BF4B-00C04F79EFBC}") = "MongoDB.EntityFrameworkCore.UnitTests", "tests\MongoDB.EntityFrameworkCore.UnitTests\MongoDB.EntityFrameworkCore.UnitTests.csproj", "{9337C5E2-A5DB-4608-9274-5C679B92ED9E}"
EndProject
Project("{FAE04EC0-301F-11D3-BF4B-00C04F79EFBC}") = "MongoDB.EntityFrameworkCore.FunctionalTests", "tests\MongoDB.EntityFrameworkCore.FunctionalTests\MongoDB.EntityFrameworkCore.FunctionalTests.csproj", "{CDBD7CC4-0F4D-4B03-859E-71FE5A3DE363}"
EndProject
Project("{2150E333-8FDC-42A3-9474-1A3956D46DE8}") = "Solution Items", "Solution Items", "{F1A19F8C-80F3-4051-96A1-866E2B1E688A}"
	ProjectSection(SolutionItems) = preProject
		BREAKING-CHANGES.md = BREAKING-CHANGES.md
		LICENSE.md = LICENSE.md
		CONTRIBUTING.md = CONTRIBUTING.md
		README.md = README.md
		THIRD-PARTY-NOTICES = THIRD-PARTY-NOTICES
		src\Directory.Build.props = src\Directory.Build.props
		tests\Directory.Build.props = tests\Directory.Build.props
	EndProjectSection
EndProject
Project("{FAE04EC0-301F-11D3-BF4B-00C04F79EFBC}") = "MongoDB.EntityFrameworkCore.SpecificationTests", "tests\MongoDB.EntityFrameworkCore.SpecificationTests\MongoDB.EntityFrameworkCore.SpecificationTests.csproj", "{1BFBE183-6125-402E-826B-1F7A7F86AF00}"
EndProject
Global
	GlobalSection(SolutionConfigurationPlatforms) = preSolution
		Debug|Any CPU = Debug|Any CPU
		Release|Any CPU = Release|Any CPU
		Debug EF9|Any CPU = Debug EF9|Any CPU
		Release EF9|Any CPU = Release EF9|Any CPU
	EndGlobalSection
	GlobalSection(ProjectConfigurationPlatforms) = postSolution
		{F50A0110-A930-4876-BBD4-78B039C12D9E}.Debug|Any CPU.ActiveCfg = Debug|Any CPU
		{F50A0110-A930-4876-BBD4-78B039C12D9E}.Debug|Any CPU.Build.0 = Debug|Any CPU
		{F50A0110-A930-4876-BBD4-78B039C12D9E}.Release|Any CPU.ActiveCfg = Release|Any CPU
		{F50A0110-A930-4876-BBD4-78B039C12D9E}.Release|Any CPU.Build.0 = Release|Any CPU
		{F50A0110-A930-4876-BBD4-78B039C12D9E}.Debug EF9|Any CPU.ActiveCfg = Debug EF9|Any CPU
		{F50A0110-A930-4876-BBD4-78B039C12D9E}.Debug EF9|Any CPU.Build.0 = Debug EF9|Any CPU
		{F50A0110-A930-4876-BBD4-78B039C12D9E}.Release EF9|Any CPU.ActiveCfg = Release EF9|Any CPU
		{F50A0110-A930-4876-BBD4-78B039C12D9E}.Release EF9|Any CPU.Build.0 = Release EF9|Any CPU
		{9337C5E2-A5DB-4608-9274-5C679B92ED9E}.Debug|Any CPU.ActiveCfg = Debug|Any CPU
		{9337C5E2-A5DB-4608-9274-5C679B92ED9E}.Debug|Any CPU.Build.0 = Debug|Any CPU
		{9337C5E2-A5DB-4608-9274-5C679B92ED9E}.Release|Any CPU.ActiveCfg = Release|Any CPU
		{9337C5E2-A5DB-4608-9274-5C679B92ED9E}.Release|Any CPU.Build.0 = Release|Any CPU
		{9337C5E2-A5DB-4608-9274-5C679B92ED9E}.Debug EF9|Any CPU.ActiveCfg = Debug EF9|Any CPU
		{9337C5E2-A5DB-4608-9274-5C679B92ED9E}.Debug EF9|Any CPU.Build.0 = Debug EF9|Any CPU
		{9337C5E2-A5DB-4608-9274-5C679B92ED9E}.Release EF9|Any CPU.ActiveCfg = Release EF9|Any CPU
		{9337C5E2-A5DB-4608-9274-5C679B92ED9E}.Release EF9|Any CPU.Build.0 = Release EF9|Any CPU
		{CDBD7CC4-0F4D-4B03-859E-71FE5A3DE363}.Debug|Any CPU.ActiveCfg = Debug|Any CPU
		{CDBD7CC4-0F4D-4B03-859E-71FE5A3DE363}.Debug|Any CPU.Build.0 = Debug|Any CPU
		{CDBD7CC4-0F4D-4B03-859E-71FE5A3DE363}.Release|Any CPU.ActiveCfg = Release|Any CPU
		{CDBD7CC4-0F4D-4B03-859E-71FE5A3DE363}.Release|Any CPU.Build.0 = Release|Any CPU
		{CDBD7CC4-0F4D-4B03-859E-71FE5A3DE363}.Debug EF9|Any CPU.ActiveCfg = Debug EF9|Any CPU
		{CDBD7CC4-0F4D-4B03-859E-71FE5A3DE363}.Debug EF9|Any CPU.Build.0 = Debug EF9|Any CPU
		{CDBD7CC4-0F4D-4B03-859E-71FE5A3DE363}.Release EF9|Any CPU.ActiveCfg = Release EF9|Any CPU
		{CDBD7CC4-0F4D-4B03-859E-71FE5A3DE363}.Release EF9|Any CPU.Build.0 = Release EF9|Any CPU
		{1BFBE183-6125-402E-826B-1F7A7F86AF00}.Debug|Any CPU.ActiveCfg = Debug|Any CPU
		{1BFBE183-6125-402E-826B-1F7A7F86AF00}.Debug|Any CPU.Build.0 = Debug|Any CPU
		{1BFBE183-6125-402E-826B-1F7A7F86AF00}.Release|Any CPU.ActiveCfg = Release|Any CPU
		{1BFBE183-6125-402E-826B-1F7A7F86AF00}.Release|Any CPU.Build.0 = Release|Any CPU
		{1BFBE183-6125-402E-826B-1F7A7F86AF00}.Debug EF9|Any CPU.ActiveCfg = Debug EF9|Any CPU
		{1BFBE183-6125-402E-826B-1F7A7F86AF00}.Debug EF9|Any CPU.Build.0 = Debug EF9|Any CPU
		{1BFBE183-6125-402E-826B-1F7A7F86AF00}.Release EF9|Any CPU.ActiveCfg = Release EF9|Any CPU
		{1BFBE183-6125-402E-826B-1F7A7F86AF00}.Release EF9|Any CPU.Build.0 = Release EF9|Any CPU
	EndGlobalSection
	GlobalSection(SolutionProperties) = preSolution
		HideSolutionNode = FALSE
	EndGlobalSection
	GlobalSection(ExtensibilityGlobals) = postSolution
		SolutionGuid = {9C488639-58DE-49F0-AB66-F842ED139BD1}
	EndGlobalSection
EndGlobal
