
Microsoft Visual Studio Solution File, Format Version 12.00
# Visual Studio Version 17
VisualStudioVersion = 17.6.33606.364
MinimumVisualStudioVersion = 10.0.40219.1
Project("{FAE04EC0-301F-11D3-BF4B-00C04F79EFBC}") = "MongoDB.EntityFrameworkCore", "src\MongoDB.EntityFrameworkCore\MongoDB.EntityFrameworkCore.csproj", "{F50A0110-A930-4876-BBD4-78B039C12D9E}"
EndProject
Project("{FAE04EC0-301F-11D3-BF4B-00C04F79EFBC}") = "MongoDB.EntityFrameworkCore.Tests", "tests\MongoDB.EntityFrameworkCore.Tests\MongoDB.EntityFrameworkCore.Tests.csproj", "{9337C5E2-A5DB-4608-9274-5C679B92ED9E}"
EndProject
Project("{FAE04EC0-301F-11D3-BF4B-00C04F79EFBC}") = "DevSandbox4", "DevSandbox4\DevSandbox4.csproj", "{1DE390E9-3FFE-4C24-9691-54ADEF30C3CE}"
EndProject
Global
	GlobalSection(SolutionConfigurationPlatforms) = preSolution
		Debug|Any CPU = Debug|Any CPU
		Release|Any CPU = Release|Any CPU
	EndGlobalSection
	GlobalSection(ProjectConfigurationPlatforms) = postSolution
		{F50A0110-A930-4876-BBD4-78B039C12D9E}.Debug|Any CPU.ActiveCfg = Debug|Any CPU
		{F50A0110-A930-4876-BBD4-78B039C12D9E}.Debug|Any CPU.Build.0 = Debug|Any CPU
		{F50A0110-A930-4876-BBD4-78B039C12D9E}.Release|Any CPU.ActiveCfg = Release|Any CPU
		{F50A0110-A930-4876-BBD4-78B039C12D9E}.Release|Any CPU.Build.0 = Release|Any CPU
		{9337C5E2-A5DB-4608-9274-5C679B92ED9E}.Debug|Any CPU.ActiveCfg = Debug|Any CPU
		{9337C5E2-A5DB-4608-9274-5C679B92ED9E}.Debug|Any CPU.Build.0 = Debug|Any CPU
		{9337C5E2-A5DB-4608-9274-5C679B92ED9E}.Release|Any CPU.ActiveCfg = Release|Any CPU
		{9337C5E2-A5DB-4608-9274-5C679B92ED9E}.Release|Any CPU.Build.0 = Release|Any CPU
		{1DE390E9-3FFE-4C24-9691-54ADEF30C3CE}.Debug|Any CPU.ActiveCfg = Debug|Any CPU
		{1DE390E9-3FFE-4C24-9691-54ADEF30C3CE}.Debug|Any CPU.Build.0 = Debug|Any CPU
		{1DE390E9-3FFE-4C24-9691-54ADEF30C3CE}.Release|Any CPU.ActiveCfg = Release|Any CPU
		{1DE390E9-3FFE-4C24-9691-54ADEF30C3CE}.Release|Any CPU.Build.0 = Release|Any CPU
	EndGlobalSection
	GlobalSection(SolutionProperties) = preSolution
		HideSolutionNode = FALSE
	EndGlobalSection
	GlobalSection(ExtensibilityGlobals) = postSolution
		SolutionGuid = {9C488639-58DE-49F0-AB66-F842ED139BD1}
	EndGlobalSection
EndGlobal
